
Microsoft Visual Studio Solution File, Format Version 12.00
# Visual Studio 15
VisualStudioVersion = 15.0.28307.645
MinimumVisualStudioVersion = 10.0.40219.1
Project("{8BC9CEB8-8B4A-11D0-8D11-00A0C91BC942}") = "common", "common\common.vcxproj", "{074072C1-E4C3-4664-9AE2-76F1E8D96AF8}"
EndProject
Project("{8BC9CEB8-8B4A-11D0-8D11-00A0C91BC942}") = "cmd_tetris", "cmd_tetris\console_tetris.vcxproj", "{069321C0-BEE2-4E34-82D3-D6D64A2A4D8B}"
EndProject
Project("{8BC9CEB8-8B4A-11D0-8D11-00A0C91BC942}") = "cmd_fps", "cmd_fps\command_fps.vcxproj", "{E9C3047B-7798-493F-8F86-47D1CA07B941}"
EndProject
Project("{8BC9CEB8-8B4A-11D0-8D11-00A0C91BC942}") = "cmd_snake", "cmd_snake\cmd_snake.vcxproj", "{535BBA4A-AD19-46A3-AE5F-3A1932457261}"
EndProject
Project("{8BC9CEB8-8B4A-11D0-8D11-00A0C91BC942}") = "cmd_engine", "cmd_engine\cmd_engine.vcxproj", "{C2BED39E-3BB5-480E-9FC4-1F217F43337C}"
EndProject
Project("{8BC9CEB8-8B4A-11D0-8D11-00A0C91BC942}") = "test", "test\test.vcxproj", "{28958B65-E405-4E0B-8477-541E8BE81538}"
EndProject
Project("{8BC9CEB8-8B4A-11D0-8D11-00A0C91BC942}") = "sync", "sync\sync.vcxproj", "{0785F38C-5479-44A8-8CCC-3BF6C89B6F2A}"
EndProject
Project("{8BC9CEB8-8B4A-11D0-8D11-00A0C91BC942}") = "maze", "maze\maze.vcxproj", "{42D7422C-3E8C-448B-A036-11381F8880F7}"
EndProject
Project("{8BC9CEB8-8B4A-11D0-8D11-00A0C91BC942}") = "cmd_life", "cmd_life\cmd_life.vcxproj", "{66286BB2-93F0-416B-9166-19D9A369A539}"
EndProject
Project("{8BC9CEB8-8B4A-11D0-8D11-00A0C91BC942}") = "racing", "racing\racing.vcxproj", "{670FF5BD-51ED-444E-98EF-E88BB5CB2E5A}"
EndProject
Global
	GlobalSection(SolutionConfigurationPlatforms) = preSolution
		Debug|x64 = Debug|x64
		Debug|x86 = Debug|x86
		Release|x64 = Release|x64
		Release|x86 = Release|x86
	EndGlobalSection
	GlobalSection(ProjectConfigurationPlatforms) = postSolution
		{074072C1-E4C3-4664-9AE2-76F1E8D96AF8}.Debug|x64.ActiveCfg = Debug|x64
		{074072C1-E4C3-4664-9AE2-76F1E8D96AF8}.Debug|x64.Build.0 = Debug|x64
		{074072C1-E4C3-4664-9AE2-76F1E8D96AF8}.Debug|x86.ActiveCfg = Debug|Win32
		{074072C1-E4C3-4664-9AE2-76F1E8D96AF8}.Debug|x86.Build.0 = Debug|Win32
		{074072C1-E4C3-4664-9AE2-76F1E8D96AF8}.Release|x64.ActiveCfg = Release|x64
		{074072C1-E4C3-4664-9AE2-76F1E8D96AF8}.Release|x64.Build.0 = Release|x64
		{074072C1-E4C3-4664-9AE2-76F1E8D96AF8}.Release|x86.ActiveCfg = Release|Win32
		{074072C1-E4C3-4664-9AE2-76F1E8D96AF8}.Release|x86.Build.0 = Release|Win32
		{069321C0-BEE2-4E34-82D3-D6D64A2A4D8B}.Debug|x64.ActiveCfg = Debug|x64
		{069321C0-BEE2-4E34-82D3-D6D64A2A4D8B}.Debug|x64.Build.0 = Debug|x64
		{069321C0-BEE2-4E34-82D3-D6D64A2A4D8B}.Debug|x86.ActiveCfg = Debug|Win32
		{069321C0-BEE2-4E34-82D3-D6D64A2A4D8B}.Debug|x86.Build.0 = Debug|Win32
		{069321C0-BEE2-4E34-82D3-D6D64A2A4D8B}.Release|x64.ActiveCfg = Release|x64
		{069321C0-BEE2-4E34-82D3-D6D64A2A4D8B}.Release|x64.Build.0 = Release|x64
		{069321C0-BEE2-4E34-82D3-D6D64A2A4D8B}.Release|x86.ActiveCfg = Release|Win32
		{069321C0-BEE2-4E34-82D3-D6D64A2A4D8B}.Release|x86.Build.0 = Release|Win32
		{E9C3047B-7798-493F-8F86-47D1CA07B941}.Debug|x64.ActiveCfg = Debug|x64
		{E9C3047B-7798-493F-8F86-47D1CA07B941}.Debug|x64.Build.0 = Debug|x64
		{E9C3047B-7798-493F-8F86-47D1CA07B941}.Debug|x86.ActiveCfg = Debug|Win32
		{E9C3047B-7798-493F-8F86-47D1CA07B941}.Debug|x86.Build.0 = Debug|Win32
		{E9C3047B-7798-493F-8F86-47D1CA07B941}.Release|x64.ActiveCfg = Release|x64
		{E9C3047B-7798-493F-8F86-47D1CA07B941}.Release|x64.Build.0 = Release|x64
		{E9C3047B-7798-493F-8F86-47D1CA07B941}.Release|x86.ActiveCfg = Release|Win32
		{E9C3047B-7798-493F-8F86-47D1CA07B941}.Release|x86.Build.0 = Release|Win32
		{535BBA4A-AD19-46A3-AE5F-3A1932457261}.Debug|x64.ActiveCfg = Debug|x64
		{535BBA4A-AD19-46A3-AE5F-3A1932457261}.Debug|x64.Build.0 = Debug|x64
		{535BBA4A-AD19-46A3-AE5F-3A1932457261}.Debug|x86.ActiveCfg = Debug|Win32
		{535BBA4A-AD19-46A3-AE5F-3A1932457261}.Debug|x86.Build.0 = Debug|Win32
		{535BBA4A-AD19-46A3-AE5F-3A1932457261}.Release|x64.ActiveCfg = Release|x64
		{535BBA4A-AD19-46A3-AE5F-3A1932457261}.Release|x64.Build.0 = Release|x64
		{535BBA4A-AD19-46A3-AE5F-3A1932457261}.Release|x86.ActiveCfg = Release|Win32
		{535BBA4A-AD19-46A3-AE5F-3A1932457261}.Release|x86.Build.0 = Release|Win32
		{C2BED39E-3BB5-480E-9FC4-1F217F43337C}.Debug|x64.ActiveCfg = Debug|x64
		{C2BED39E-3BB5-480E-9FC4-1F217F43337C}.Debug|x64.Build.0 = Debug|x64
		{C2BED39E-3BB5-480E-9FC4-1F217F43337C}.Debug|x86.ActiveCfg = Debug|Win32
		{C2BED39E-3BB5-480E-9FC4-1F217F43337C}.Debug|x86.Build.0 = Debug|Win32
		{C2BED39E-3BB5-480E-9FC4-1F217F43337C}.Release|x64.ActiveCfg = Release|x64
		{C2BED39E-3BB5-480E-9FC4-1F217F43337C}.Release|x64.Build.0 = Release|x64
		{C2BED39E-3BB5-480E-9FC4-1F217F43337C}.Release|x86.ActiveCfg = Release|Win32
		{C2BED39E-3BB5-480E-9FC4-1F217F43337C}.Release|x86.Build.0 = Release|Win32
		{28958B65-E405-4E0B-8477-541E8BE81538}.Debug|x64.ActiveCfg = Debug|x64
		{28958B65-E405-4E0B-8477-541E8BE81538}.Debug|x64.Build.0 = Debug|x64
		{28958B65-E405-4E0B-8477-541E8BE81538}.Debug|x86.ActiveCfg = Debug|Win32
		{28958B65-E405-4E0B-8477-541E8BE81538}.Debug|x86.Build.0 = Debug|Win32
		{28958B65-E405-4E0B-8477-541E8BE81538}.Release|x64.ActiveCfg = Release|x64
		{28958B65-E405-4E0B-8477-541E8BE81538}.Release|x64.Build.0 = Release|x64
		{28958B65-E405-4E0B-8477-541E8BE81538}.Release|x86.ActiveCfg = Release|Win32
		{28958B65-E405-4E0B-8477-541E8BE81538}.Release|x86.Build.0 = Release|Win32
		{0785F38C-5479-44A8-8CCC-3BF6C89B6F2A}.Debug|x64.ActiveCfg = Debug|x64
		{0785F38C-5479-44A8-8CCC-3BF6C89B6F2A}.Debug|x64.Build.0 = Debug|x64
		{0785F38C-5479-44A8-8CCC-3BF6C89B6F2A}.Debug|x86.ActiveCfg = Debug|Win32
		{0785F38C-5479-44A8-8CCC-3BF6C89B6F2A}.Debug|x86.Build.0 = Debug|Win32
		{0785F38C-5479-44A8-8CCC-3BF6C89B6F2A}.Release|x64.ActiveCfg = Release|x64
		{0785F38C-5479-44A8-8CCC-3BF6C89B6F2A}.Release|x64.Build.0 = Release|x64
		{0785F38C-5479-44A8-8CCC-3BF6C89B6F2A}.Release|x86.ActiveCfg = Release|Win32
		{0785F38C-5479-44A8-8CCC-3BF6C89B6F2A}.Release|x86.Build.0 = Release|Win32
		{42D7422C-3E8C-448B-A036-11381F8880F7}.Debug|x64.ActiveCfg = Debug|x64
		{42D7422C-3E8C-448B-A036-11381F8880F7}.Debug|x64.Build.0 = Debug|x64
		{42D7422C-3E8C-448B-A036-11381F8880F7}.Debug|x86.ActiveCfg = Debug|Win32
		{42D7422C-3E8C-448B-A036-11381F8880F7}.Debug|x86.Build.0 = Debug|Win32
		{42D7422C-3E8C-448B-A036-11381F8880F7}.Release|x64.ActiveCfg = Release|x64
		{42D7422C-3E8C-448B-A036-11381F8880F7}.Release|x64.Build.0 = Release|x64
		{42D7422C-3E8C-448B-A036-11381F8880F7}.Release|x86.ActiveCfg = Release|Win32
		{42D7422C-3E8C-448B-A036-11381F8880F7}.Release|x86.Build.0 = Release|Win32
		{66286BB2-93F0-416B-9166-19D9A369A539}.Debug|x64.ActiveCfg = Debug|x64
		{66286BB2-93F0-416B-9166-19D9A369A539}.Debug|x64.Build.0 = Debug|x64
		{66286BB2-93F0-416B-9166-19D9A369A539}.Debug|x86.ActiveCfg = Debug|Win32
		{66286BB2-93F0-416B-9166-19D9A369A539}.Debug|x86.Build.0 = Debug|Win32
		{66286BB2-93F0-416B-9166-19D9A369A539}.Release|x64.ActiveCfg = Release|x64
		{66286BB2-93F0-416B-9166-19D9A369A539}.Release|x64.Build.0 = Release|x64
		{66286BB2-93F0-416B-9166-19D9A369A539}.Release|x86.ActiveCfg = Release|Win32
		{66286BB2-93F0-416B-9166-19D9A369A539}.Release|x86.Build.0 = Release|Win32
		{670FF5BD-51ED-444E-98EF-E88BB5CB2E5A}.Debug|x64.ActiveCfg = Debug|x64
		{670FF5BD-51ED-444E-98EF-E88BB5CB2E5A}.Debug|x64.Build.0 = Debug|x64
		{670FF5BD-51ED-444E-98EF-E88BB5CB2E5A}.Debug|x86.ActiveCfg = Debug|Win32
		{670FF5BD-51ED-444E-98EF-E88BB5CB2E5A}.Debug|x86.Build.0 = Debug|Win32
		{670FF5BD-51ED-444E-98EF-E88BB5CB2E5A}.Release|x64.ActiveCfg = Release|x64
		{670FF5BD-51ED-444E-98EF-E88BB5CB2E5A}.Release|x64.Build.0 = Release|x64
		{670FF5BD-51ED-444E-98EF-E88BB5CB2E5A}.Release|x86.ActiveCfg = Release|Win32
		{670FF5BD-51ED-444E-98EF-E88BB5CB2E5A}.Release|x86.Build.0 = Release|Win32
	EndGlobalSection
	GlobalSection(SolutionProperties) = preSolution
		HideSolutionNode = FALSE
	EndGlobalSection
	GlobalSection(ExtensibilityGlobals) = postSolution
		SolutionGuid = {41DFA419-1DDE-4C02-B5E6-572AA3AE2D13}
	EndGlobalSection
EndGlobal
